
Microsoft Visual Studio Solution File, Format Version 12.00
# Visual Studio Version 16
VisualStudioVersion = 16.0.29209.62
MinimumVisualStudioVersion = 10.0.40219.1
Project("{FAE04EC0-301F-11D3-BF4B-00C04F79EFBC}") = "Text Adventure", "Text Adventure\Text Adventure.csproj", "{404D2C18-CB49-4217-9C15-B0E49A9186C3}"
EndProject
Global
	GlobalSection(SolutionConfigurationPlatforms) = preSolution
		Debug|Any CPU = Debug|Any CPU
		Release|Any CPU = Release|Any CPU
	EndGlobalSection
	GlobalSection(ProjectConfigurationPlatforms) = postSolution
		{404D2C18-CB49-4217-9C15-B0E49A9186C3}.Debug|Any CPU.ActiveCfg = Debug|Any CPU
		{404D2C18-CB49-4217-9C15-B0E49A9186C3}.Debug|Any CPU.Build.0 = Debug|Any CPU
		{404D2C18-CB49-4217-9C15-B0E49A9186C3}.Release|Any CPU.ActiveCfg = Release|Any CPU
		{404D2C18-CB49-4217-9C15-B0E49A9186C3}.Release|Any CPU.Build.0 = Release|Any CPU
	EndGlobalSection
	GlobalSection(SolutionProperties) = preSolution
		HideSolutionNode = FALSE
	EndGlobalSection
	GlobalSection(ExtensibilityGlobals) = postSolution
		SolutionGuid = {07E29332-B89E-4439-95CD-D6A961E93709}
	EndGlobalSection
EndGlobal
